
Microsoft Visual Studio Solution File, Format Version 12.00
# Visual Studio Version 17
VisualStudioVersion = 17.8.34316.72
MinimumVisualStudioVersion = 10.0.40219.1
Project("{FAE04EC0-301F-11D3-BF4B-00C04F79EFBC}") = "ServicesExam1aEv", "ServicesExam1aEv.csproj", "{2C64D62D-D6AD-4443-A442-81E3C1AA4B06}"
EndProject
Global
	GlobalSection(SolutionConfigurationPlatforms) = preSolution
		Debug|Any CPU = Debug|Any CPU
		Debug|x64 = Debug|x64
		Release|Any CPU = Release|Any CPU
		Release|x64 = Release|x64
	EndGlobalSection
	GlobalSection(ProjectConfigurationPlatforms) = postSolution
		{2C64D62D-D6AD-4443-A442-81E3C1AA4B06}.Debug|Any CPU.ActiveCfg = Debug|Any CPU
		{2C64D62D-D6AD-4443-A442-81E3C1AA4B06}.Debug|Any CPU.Build.0 = Debug|Any CPU
		{2C64D62D-D6AD-4443-A442-81E3C1AA4B06}.Debug|x64.ActiveCfg = Debug|x64
		{2C64D62D-D6AD-4443-A442-81E3C1AA4B06}.Debug|x64.Build.0 = Debug|x64
		{2C64D62D-D6AD-4443-A442-81E3C1AA4B06}.Release|Any CPU.ActiveCfg = Release|Any CPU
		{2C64D62D-D6AD-4443-A442-81E3C1AA4B06}.Release|Any CPU.Build.0 = Release|Any CPU
		{2C64D62D-D6AD-4443-A442-81E3C1AA4B06}.Release|x64.ActiveCfg = Release|x64
		{2C64D62D-D6AD-4443-A442-81E3C1AA4B06}.Release|x64.Build.0 = Release|x64
	EndGlobalSection
	GlobalSection(SolutionProperties) = preSolution
		HideSolutionNode = FALSE
	EndGlobalSection
	GlobalSection(ExtensibilityGlobals) = postSolution
		SolutionGuid = {9FA4434F-E2D2-492C-B9B5-DE0F9FCB15B0}
	EndGlobalSection
EndGlobal
